
Microsoft Visual Studio Solution File, Format Version 12.00
# Visual Studio Version 17
VisualStudioVersion = 17.11.35222.181
MinimumVisualStudioVersion = 10.0.40219.1
Project("{FAE04EC0-301F-11D3-BF4B-00C04F79EFBC}") = "UnitChange", "UnitChange\UnitChange.csproj", "{7D9F0AA6-A4E5-4557-83EF-503641646252}"
EndProject
Global
	GlobalSection(SolutionConfigurationPlatforms) = preSolution
		Debug|Any CPU = Debug|Any CPU
		Release|Any CPU = Release|Any CPU
	EndGlobalSection
	GlobalSection(ProjectConfigurationPlatforms) = postSolution
		{7D9F0AA6-A4E5-4557-83EF-503641646252}.Debug|Any CPU.ActiveCfg = Debug|Any CPU
		{7D9F0AA6-A4E5-4557-83EF-503641646252}.Debug|Any CPU.Build.0 = Debug|Any CPU
		{7D9F0AA6-A4E5-4557-83EF-503641646252}.Debug|Any CPU.Deploy.0 = Debug|Any CPU
		{7D9F0AA6-A4E5-4557-83EF-503641646252}.Release|Any CPU.ActiveCfg = Release|Any CPU
		{7D9F0AA6-A4E5-4557-83EF-503641646252}.Release|Any CPU.Build.0 = Release|Any CPU
		{7D9F0AA6-A4E5-4557-83EF-503641646252}.Release|Any CPU.Deploy.0 = Release|Any CPU
	EndGlobalSection
	GlobalSection(SolutionProperties) = preSolution
		HideSolutionNode = FALSE
	EndGlobalSection
	GlobalSection(ExtensibilityGlobals) = postSolution
		SolutionGuid = {3AF4FD20-684E-458C-BEEA-1B12D8ED1E04}
	EndGlobalSection
EndGlobal
